
Microsoft Visual Studio Solution File, Format Version 12.00
# Visual Studio Version 16
VisualStudioVersion = 16.0.30114.105
MinimumVisualStudioVersion = 10.0.40219.1
Project("{FAE04EC0-301F-11D3-BF4B-00C04F79EFBC}") = "Demo Project", "Demo Project.csproj", "{DDBA7A45-F3F6-450E-96A6-0D627A9AEE77}"
EndProject
Global
	GlobalSection(SolutionConfigurationPlatforms) = preSolution
		Debug|Any CPU = Debug|Any CPU
		Release|Any CPU = Release|Any CPU
	EndGlobalSection
	GlobalSection(ProjectConfigurationPlatforms) = postSolution
		{DDBA7A45-F3F6-450E-96A6-0D627A9AEE77}.Debug|Any CPU.ActiveCfg = Debug|Any CPU
		{DDBA7A45-F3F6-450E-96A6-0D627A9AEE77}.Debug|Any CPU.Build.0 = Debug|Any CPU
		{DDBA7A45-F3F6-450E-96A6-0D627A9AEE77}.Release|Any CPU.ActiveCfg = Release|Any CPU
		{DDBA7A45-F3F6-450E-96A6-0D627A9AEE77}.Release|Any CPU.Build.0 = Release|Any CPU
	EndGlobalSection
	GlobalSection(SolutionProperties) = preSolution
		HideSolutionNode = FALSE
	EndGlobalSection
	GlobalSection(ExtensibilityGlobals) = postSolution
		SolutionGuid = {915173FC-B636-49B9-8C76-5D8FB207D382}
	EndGlobalSection
EndGlobal
